github.com/foo-dogsquared/hugo-mod-simple-icons v0.0.0-20220601232257-9d83599bb973 h1:E4G+xN0r88NDRTwQu1CtJNhdQHCvAOtRqvnYErkP54w=
github.com/foo-dogsquared/hugo-mod-simple-icons v0.0.0-20220601232257-9d83599bb973/go.mod h1:hYdIy7u/yNx27ZDcThFZio08Gy4G+OVKp00hOiQgiBo=
github.com/foo-dogsquared/hugo-theme-contentful v1.2.1-0.20220513103455-d83c3f8c6954 h1:ODhabu0XqJYNlXL6OEGRVMuz0dKR6Cp/TTkwoMD1m1A=
github.com/foo-dogsquared/hugo-theme-contentful v1.2.1-0.20220513103455-d83c3f8c6954/go.mod h1:BL7L5CENEhUx+miRRaOZ9SVC92j9MAMztirBWtTpiPc=
github.com/refactoringui/heroicons v1.0.6 h1:0+j+tb+i36SWT6hCXaxnOyAHkaPfM5MIg24pLwbY/e4=
github.com/refactoringui/heroicons v1.0.6/go.mod h1:82HsLWQga7MkEl5aK8TctxPPIBlXrsyWcVTB57uipuk=
github.com/simple-icons/simple-icons v0.0.0-20220529101043-798d41484746/go.mod h1:oOgUUt8yVYOso/wEBi2ojfZP2MU/xxiNccIpaE+jCvE=
