github.com/foo-dogsquared/hugo-mod-simple-icons v0.0.0-20201106121650-08c012c284f2 h1:PvpqPqEoMegk07wdzplhPOV9Nr7CYRBeVlqz535iPqg=
github.com/foo-dogsquared/hugo-mod-simple-icons v0.0.0-20201106121650-08c012c284f2/go.mod h1:yIWROkb+Zcex0JBLlZOnejI83GWOmz/aYtKSNXexLSk=
github.com/foo-dogsquared/hugo-theme-contentful v1.2.1-0.20201106111203-fd6a6c7a3839 h1:EmCHPgq800ntf7F7ME90g212BywSZRw5XlmpiP24Hdg=
github.com/foo-dogsquared/hugo-theme-contentful v1.2.1-0.20201106111203-fd6a6c7a3839/go.mod h1:BL7L5CENEhUx+miRRaOZ9SVC92j9MAMztirBWtTpiPc=
github.com/refactoringui/heroicons v0.4.2 h1:gLYH0RH4nLh81yxAC/JgyvKIeK0d+sBVF/I2XkPb6U8=
github.com/refactoringui/heroicons v0.4.2/go.mod h1:82HsLWQga7MkEl5aK8TctxPPIBlXrsyWcVTB57uipuk=
github.com/simple-icons/simple-icons v0.0.0-20201103182019-19568e5c3824/go.mod h1:oOgUUt8yVYOso/wEBi2ojfZP2MU/xxiNccIpaE+jCvE=
