github.com/eimajtrebor/hugo-mod-heroicons v0.0.0-20201017130534-07f09dd2f2f8 h1:RYguOV/Ubdb+yxENNWtehJPDUCpvMFxAqe0CheLmCL8=
github.com/eimajtrebor/hugo-mod-heroicons v0.0.0-20201017130534-07f09dd2f2f8/go.mod h1:la8aikeVFFYvTHYkbYJjccI/7KaP7DQMBOIeF9GfDXg=
github.com/foo-dogsquared/hugo-mod-simple-icons v0.0.0-20201026173406-633714bb359d h1:TguVIF94zP80FbYjwlHZ8j3gIL4171o79nD6lrTOcxw=
github.com/foo-dogsquared/hugo-mod-simple-icons v0.0.0-20201026173406-633714bb359d/go.mod h1:IqgEwYyo2L3mFR2RoelZZ3Ncwph7QTssrZ3deCaE0us=
github.com/foo-dogsquared/hugo-mod-simple-icons v0.0.0-20201106121650-08c012c284f2/go.mod h1:yIWROkb+Zcex0JBLlZOnejI83GWOmz/aYtKSNXexLSk=
github.com/foo-dogsquared/hugo-mod-simple-icons v0.0.0-20210127234705-3c689d14b093/go.mod h1:oUO71xDYAClgCeueyuISH8TC4+pHJ7Zf/NoDqR7pYvA=
github.com/foo-dogsquared/hugo-mod-simple-icons v0.0.0-20220427232352-6d776459d165/go.mod h1:nIG0CtFAmtcZ4bNB4deINxypSoKB0K/h8hfOv37D4Ng=
github.com/foo-dogsquared/hugo-mod-simple-icons v0.0.0-20221019233209-ba7f7a30574e/go.mod h1:w0XARjrcnxWct0vvESoW31RME78TXt+R4BoHFw+/l+U=
github.com/foo-dogsquared/hugo-mod-simple-icons v0.0.0-20230215231942-2691e7630acf/go.mod h1:OWSHvdeborPuP9nTjjqy0jw3jwvBLwF7DSVIvZLlXwM=
github.com/foo-dogsquared/hugo-mod-simple-icons v0.0.0-20230315231533-b5bff1dac7d9/go.mod h1:MQXLTwYOjEDpdVYf83IywWAzsQbR+CILSBJeofYo63g=
github.com/foo-dogsquared/hugo-mod-simple-icons v0.0.0-20230426231746-ef27600d22f3/go.mod h1:11iN6ArO6sro187xxOeDYAFMENfUNd+Vopn+qqVkCbw=
github.com/foo-dogsquared/hugo-mod-simple-icons v0.0.0-20231025231637-36998f86bbf2/go.mod h1:8HnVc0SlzI7LCEU4sITYS5MQTq0Bct/nFr/7LdsHYVQ=
github.com/foo-dogsquared/hugo-mod-simple-icons v0.0.0-20240829051824-890465b5b17e h1:h4Abw0MZnXP2hFavjEEcXY+lCPJtNejp6CXntXwW8fA=
github.com/foo-dogsquared/hugo-mod-simple-icons v0.0.0-20240829051824-890465b5b17e/go.mod h1:rcVWEdpC9uuXK5ydiewUfaEcoKIZv+l91hphiKrxVq4=
github.com/foo-dogsquared/hugo-theme-contentful v1.2.0 h1:if43vUzFAipKlnobL9THtW+QsmXp9ZPMe/vXY/vBofs=
github.com/foo-dogsquared/hugo-theme-contentful v1.2.1-0.20201027180616-059a6c489ce7 h1:3m0//AyQQX3Bh6IVAJ+z8hdWgOkaC4yCtvEycaeANHg=
github.com/foo-dogsquared/hugo-theme-contentful v1.2.1-0.20201027180616-059a6c489ce7/go.mod h1:BL7L5CENEhUx+miRRaOZ9SVC92j9MAMztirBWtTpiPc=
github.com/foo-dogsquared/hugo-theme-contentful v1.2.1-0.20201106111203-fd6a6c7a3839/go.mod h1:BL7L5CENEhUx+miRRaOZ9SVC92j9MAMztirBWtTpiPc=
github.com/foo-dogsquared/hugo-theme-contentful v1.2.1-0.20220513103455-d83c3f8c6954/go.mod h1:BL7L5CENEhUx+miRRaOZ9SVC92j9MAMztirBWtTpiPc=
github.com/foo-dogsquared/hugo-theme-contentful v2.0.0+incompatible h1:KcvDzjZR1AcecXmTmyj/uiXmCpyQtf18l0awyIU+Ry8=
github.com/foo-dogsquared/hugo-theme-contentful v2.0.0+incompatible/go.mod h1:65D70b+PuQbQu0BQKQiSgp7K5vfmxrPQkcMSNIZ5nA8=
github.com/foo-dogsquared/hugo-theme-more-contentful v0.1.3 h1:Wfxh9bbb5ks88v8BHrB17z0oeGi3lu0EK1LV7M+k840=
github.com/foo-dogsquared/hugo-theme-more-contentful v0.1.3/go.mod h1:q2QVvX0SJhtybk/2LDTejRg4RWXnDY6hcE7qYARnBNI=
github.com/foo-dogsquared/hugo-web-feeds v0.0.1 h1:miuJMx2Plw+4TBGctI2CgWXilddEHFnKNDQ9kLNti3w=
github.com/foo-dogsquared/hugo-web-feeds v0.0.1/go.mod h1:0WxK3+xNIj/Wpk2kkUW0p6Uqmr/OZjPsRtQDCMazNmI=
github.com/foo-dogsquared/hugo-web-feeds v0.0.2 h1:688h38JdIvxKSTdvAFfskEM2n9VJNNNacHwlFc4lvkg=
github.com/foo-dogsquared/hugo-web-feeds v0.0.2/go.mod h1:0WxK3+xNIj/Wpk2kkUW0p6Uqmr/OZjPsRtQDCMazNmI=
github.com/gohugoio/hugo-mod-heroicons v0.0.0-20200822140006-fc590bc3dc55 h1:ymzle/RfF+IBdw/epL+cIcN9yCg5xU15rxRwq9qTRKQ=
github.com/gohugoio/hugo-mod-heroicons v0.0.0-20200822140006-fc590bc3dc55/go.mod h1:m6G9GOoLyUFNBndlmJf/G293YFplpc/nt3bx9PjaNWw=
github.com/iconfu/svg-inject v1.2.3 h1:6r6aFq9JELTHY+lR3pfjBCMFliXyJeqECF9feuH9GVc=
github.com/iconfu/svg-inject v1.2.3/go.mod h1:Bw65kdn/PHpRM5Iu4KT6TJuyVlqt3TXIcPJoHp1yobU=
github.com/refactoringui/heroicons v0.3.7/go.mod h1:82HsLWQga7MkEl5aK8TctxPPIBlXrsyWcVTB57uipuk=
github.com/refactoringui/heroicons v0.4.2/go.mod h1:82HsLWQga7MkEl5aK8TctxPPIBlXrsyWcVTB57uipuk=
github.com/refactoringui/heroicons v1.0.6/go.mod h1:82HsLWQga7MkEl5aK8TctxPPIBlXrsyWcVTB57uipuk=
github.com/refactoringui/heroicons v2.0.12+incompatible/go.mod h1:82HsLWQga7MkEl5aK8TctxPPIBlXrsyWcVTB57uipuk=
github.com/refactoringui/heroicons v2.0.17+incompatible/go.mod h1:82HsLWQga7MkEl5aK8TctxPPIBlXrsyWcVTB57uipuk=
github.com/refactoringui/heroicons v2.0.18+incompatible/go.mod h1:82HsLWQga7MkEl5aK8TctxPPIBlXrsyWcVTB57uipuk=
github.com/refactoringui/heroicons v2.1.5+incompatible h1:XzZpX6BwR5eYel3Owrw6u0e11/pj1FTXA3MSiN3OOvE=
github.com/refactoringui/heroicons v2.1.5+incompatible/go.mod h1:82HsLWQga7MkEl5aK8TctxPPIBlXrsyWcVTB57uipuk=
github.com/simple-icons/simple-icons v0.0.0-20201025110046-413f781fd706/go.mod h1:oOgUUt8yVYOso/wEBi2ojfZP2MU/xxiNccIpaE+jCvE=
github.com/simple-icons/simple-icons v0.0.0-20201103182019-19568e5c3824/go.mod h1:oOgUUt8yVYOso/wEBi2ojfZP2MU/xxiNccIpaE+jCvE=
github.com/simple-icons/simple-icons v0.0.0-20210124121502-a399e6c071f4/go.mod h1:oOgUUt8yVYOso/wEBi2ojfZP2MU/xxiNccIpaE+jCvE=
github.com/simple-icons/simple-icons v0.0.0-20220426192947-6553e31d3a6b/go.mod h1:oOgUUt8yVYOso/wEBi2ojfZP2MU/xxiNccIpaE+jCvE=
github.com/simple-icons/simple-icons v0.0.0-20221016015904-d4ad2228d30f/go.mod h1:oOgUUt8yVYOso/wEBi2ojfZP2MU/xxiNccIpaE+jCvE=
github.com/simple-icons/simple-icons v0.0.0-20230212225529-1c1ca571a6a6/go.mod h1:oOgUUt8yVYOso/wEBi2ojfZP2MU/xxiNccIpaE+jCvE=
github.com/simple-icons/simple-icons v0.0.0-20230315131209-aa70b1e830e9/go.mod h1:oOgUUt8yVYOso/wEBi2ojfZP2MU/xxiNccIpaE+jCvE=
github.com/simple-icons/simple-icons v0.0.0-20230423030844-cd4f7d2bf53c/go.mod h1:oOgUUt8yVYOso/wEBi2ojfZP2MU/xxiNccIpaE+jCvE=
github.com/simple-icons/simple-icons v0.0.0-20231022005333-fdbaaa2d5f99/go.mod h1:oOgUUt8yVYOso/wEBi2ojfZP2MU/xxiNccIpaE+jCvE=
github.com/simple-icons/simple-icons v0.0.0-20240828075807-7197fd28e247 h1:eKjM/xegyBg3XIb+p55bnnB6bD32e0GbCA/1/9vq8aY=
github.com/simple-icons/simple-icons v0.0.0-20240828075807-7197fd28e247/go.mod h1:oOgUUt8yVYOso/wEBi2ojfZP2MU/xxiNccIpaE+jCvE=
